
Microsoft Visual Studio Solution File, Format Version 12.00
# Visual Studio Version 17
VisualStudioVersion = 17.14.36203.30 d17.14
MinimumVisualStudioVersion = 10.0.40219.1
Project("{FAE04EC0-301F-11D3-BF4B-00C04F79EFBC}") = "CurrencyConverterApi", "CurrencyConverterApi\CurrencyConverterApi.csproj", "{3ADD3F8E-93AC-4811-9D77-FEAA5B83A987}"
EndProject
Global
	GlobalSection(SolutionConfigurationPlatforms) = preSolution
		Debug|Any CPU = Debug|Any CPU
		Release|Any CPU = Release|Any CPU
	EndGlobalSection
	GlobalSection(ProjectConfigurationPlatforms) = postSolution
		{3ADD3F8E-93AC-4811-9D77-FEAA5B83A987}.Debug|Any CPU.ActiveCfg = Debug|Any CPU
		{3ADD3F8E-93AC-4811-9D77-FEAA5B83A987}.Debug|Any CPU.Build.0 = Debug|Any CPU
		{3ADD3F8E-93AC-4811-9D77-FEAA5B83A987}.Release|Any CPU.ActiveCfg = Release|Any CPU
		{3ADD3F8E-93AC-4811-9D77-FEAA5B83A987}.Release|Any CPU.Build.0 = Release|Any CPU
	EndGlobalSection
	GlobalSection(SolutionProperties) = preSolution
		HideSolutionNode = FALSE
	EndGlobalSection
	GlobalSection(ExtensibilityGlobals) = postSolution
		SolutionGuid = {B84E199E-3A66-40A2-9FFC-F8070E041522}
	EndGlobalSection
EndGlobal
